
Microsoft Visual Studio Solution File, Format Version 12.00
# Visual Studio Version 17
VisualStudioVersion = 17.3.32929.385
MinimumVisualStudioVersion = 10.0.40219.1
Project("{FAE04EC0-301F-11D3-BF4B-00C04F79EFBC}") = "SGMDT_Wifimex", "SGMDT_Wifimex\SGMDT_Wifimex.csproj", "{8170E512-C4CB-4C6E-A690-216A8F95501F}"
EndProject
Project("{FAE04EC0-301F-11D3-BF4B-00C04F79EFBC}") = "Modelos", "Modelos\Modelos.csproj", "{8CF57F58-A091-49C1-80A4-C261277FB243}"
EndProject
Project("{FAE04EC0-301F-11D3-BF4B-00C04F79EFBC}") = "Datos", "Datos\Datos.csproj", "{6D18DB08-8A46-4476-BD2B-84F92A4C47CB}"
EndProject
Global
	GlobalSection(SolutionConfigurationPlatforms) = preSolution
		Debug|Any CPU = Debug|Any CPU
		Release|Any CPU = Release|Any CPU
	EndGlobalSection
	GlobalSection(ProjectConfigurationPlatforms) = postSolution
		{8170E512-C4CB-4C6E-A690-216A8F95501F}.Debug|Any CPU.ActiveCfg = Debug|Any CPU
		{8170E512-C4CB-4C6E-A690-216A8F95501F}.Debug|Any CPU.Build.0 = Debug|Any CPU
		{8170E512-C4CB-4C6E-A690-216A8F95501F}.Release|Any CPU.ActiveCfg = Release|Any CPU
		{8170E512-C4CB-4C6E-A690-216A8F95501F}.Release|Any CPU.Build.0 = Release|Any CPU
		{8CF57F58-A091-49C1-80A4-C261277FB243}.Debug|Any CPU.ActiveCfg = Debug|Any CPU
		{8CF57F58-A091-49C1-80A4-C261277FB243}.Debug|Any CPU.Build.0 = Debug|Any CPU
		{8CF57F58-A091-49C1-80A4-C261277FB243}.Release|Any CPU.ActiveCfg = Release|Any CPU
		{8CF57F58-A091-49C1-80A4-C261277FB243}.Release|Any CPU.Build.0 = Release|Any CPU
		{6D18DB08-8A46-4476-BD2B-84F92A4C47CB}.Debug|Any CPU.ActiveCfg = Debug|Any CPU
		{6D18DB08-8A46-4476-BD2B-84F92A4C47CB}.Debug|Any CPU.Build.0 = Debug|Any CPU
		{6D18DB08-8A46-4476-BD2B-84F92A4C47CB}.Release|Any CPU.ActiveCfg = Release|Any CPU
		{6D18DB08-8A46-4476-BD2B-84F92A4C47CB}.Release|Any CPU.Build.0 = Release|Any CPU
	EndGlobalSection
	GlobalSection(SolutionProperties) = preSolution
		HideSolutionNode = FALSE
	EndGlobalSection
	GlobalSection(ExtensibilityGlobals) = postSolution
		SolutionGuid = {7594CC07-64BD-4D1E-B4DB-7D56C95F94A4}
	EndGlobalSection
EndGlobal
